hash: 08a97d23acfc4724e7a403562c2bbd3624c1e394e0cf6d8c1f7ea9a1791c8b32
updated: 2016-02-18T17:19:34.015646968-06:00
imports:
- name: github.com/armon/circbuf
  version: bbbad097214e2918d8543d5201d12bfd7bca254d
- name: github.com/armon/go-metrics
  version: 345426c77237ece5dab0e1605c3e4b35c3f54757
  vcs: git
  subpackages:
  - datadog
- name: github.com/armon/go-radix
  version: 4239b77079c7b5d1243b7b4736304ce8ddb6f0f2
- name: github.com/bgentry/speakeasy
  version: 36e9cfdd690967f4f690c6edcc9ffacd006014a0
- name: github.com/boltdb/bolt
  version: 0f053fabc06119583d61937a0a06ef0ba0f1b301
- name: github.com/BurntSushi/toml
  version: f706d00e3de6abe700c994cdd545a1a4915af060
- name: github.com/coreos/etcd
  version: e4561dd8cfb1163fb51afceca9c78aa89398e731
  subpackages:
  - client
  - pkg/pathutil
  - pkg/types
  - Godeps/_workspace/src/github.com/ugorji/go/codec
  - Godeps/_workspace/src/golang.org/x/net/context
- name: github.com/DataDog/datadog-go
  version: 8b6f59aa4f252b3b547523c21381330138bfe3ac
  subpackages:
  - statsd
- name: github.com/deckarep/golang-set
  version: ef32fa3046d9f249d399f98ebaf9be944430fd1d
- name: github.com/docker/docker
  version: 9e83765d0f5089689f829dfbb28de24305395d2f
  vcs: git
  subpackages:
  - pkg/discovery
  - pkg/plugins
  - pkg/reexec
  - pkg/stringid
  - pkg/random
  - pkg/tlsconfig
  - pkg/discovery/kv
  - pkg/ioutils
- name: github.com/docker/go-connections
  version: 4e42727957c146776e5de9cec8c39e4059ed9f20
  vcs: git
  subpackages:
  - sockets
  - tlsconfig
- name: github.com/docker/go-plugins-helpers
  version: c9f224a041e794bd398347a837c6406313ce9511
  subpackages:
  - ipam
  - sdk
- name: github.com/docker/libkv
  version: c2aac5dbbaa5c872211edea7c0f32b3bd67e7410
  subpackages:
  - store
  - store/boltdb
  - store/consul
  - store/etcd
  - store/zookeeper
- name: github.com/docker/libnetwork
  version: 73e3ce645f1d44a7474c24ca08bb5789ecca9d8f
  subpackages:
  - bitseq
  - datastore
  - ipamapi
  - ipamutils
  - types
  - config
  - discoverapi
  - driverapi
  - etchosts
  - hostdiscovery
  - ipams/builtin
  - ipams/remote
  - iptables
  - netlabel
  - netutils
  - options
  - osl
  - resolvconf
  - ipams/remote/api
  - resolvconf/dns
- name: github.com/elazarl/go-bindata-assetfs
  version: 57eb5e1fc594ad4b0b1dbea7b286d299e0cb43c2
- name: github.com/fsouza/go-dockerclient
  version: d92e9b886690a7daa42daa3807d1829c6e6a9d0a
  subpackages:
  - external/github.com/docker/docker/opts
  - external/github.com/docker/docker/pkg/archive
  - external/github.com/docker/docker/pkg/fileutils
  - external/github.com/docker/docker/pkg/homedir
  - external/github.com/docker/docker/pkg/stdcopy
  - external/github.com/hashicorp/go-cleanhttp
  - external/github.com/Sirupsen/logrus
  - external/github.com/docker/docker/pkg/idtools
  - external/github.com/docker/docker/pkg/ioutils
  - external/github.com/docker/docker/pkg/pools
  - external/github.com/docker/docker/pkg/promise
  - external/github.com/docker/docker/pkg/system
  - external/github.com/opencontainers/runc/libcontainer/user
  - external/golang.org/x/net/context
- name: github.com/godbus/dbus
  version: c7fdd8b5cd55e87b4e1f4e372cdb1db61dd6c66f
- name: github.com/hashicorp/consul
  version: c933efde50d25395c7b5a42167578fda603d43d8
  vcs: git
  subpackages:
  - command
  - command/agent
  - api
  - consul
  - watch
  - consul/state
  - consul/structs
  - tlsutil
  - acl
- name: github.com/hashicorp/errwrap
  version: 7554cd9344cec97297fa6649b055a8c98c2a1e55
- name: github.com/hashicorp/go-checkpoint
  version: e4b2dc34c0f698ee04750bf2035d8b9384233e1b
- name: github.com/hashicorp/go-cleanhttp
  version: 875fb671b3ddc66f8e2f0acc33829c8cb989a38d
- name: github.com/hashicorp/go-immutable-radix
  version: 12e90058b2897552deea141eff51bb7a07a09e63
- name: github.com/hashicorp/go-memdb
  version: e16093a4c7dd00f7ce4c2452ded2c7e37d8df8be
- name: github.com/hashicorp/go-msgpack
  version: 71c2886f5a673a35f909803f38ece5810165097b
  subpackages:
  - codec
- name: github.com/hashicorp/go-multierror
  version: d30f09973e19c1dfcd120b2d9c4f168e68d6b5d5
- name: github.com/hashicorp/go-reap
  version: 2d85522212dcf5a84c6b357094f5c44710441912
- name: github.com/hashicorp/go-syslog
  version: 42a2b573b664dbf281bd48c3cc12c086b17a39ba
- name: github.com/hashicorp/go.net
  version: 104dcad90073cd8d1e6828b2af19185b60cf3e29
  subpackages:
  - ipv4
  - ipv6
  - internal/iana
- name: github.com/hashicorp/golang-lru
  version: a0d98a5f288019575c6d1f4bb1573fef2d1fcdc4
  subpackages:
  - simplelru
- name: github.com/hashicorp/hcl
  version: 1c284ec98f4b398443cbabb0d9197f7f4cc0077c
  subpackages:
  - hcl/ast
  - hcl/parser
  - hcl/token
  - json/parser
  - hcl/scanner
  - hcl/strconv
  - json/scanner
  - json/token
- name: github.com/hashicorp/logutils
  version: 0dc08b1671f34c4250ce212759ebd880f743d883
- name: github.com/hashicorp/mdns
  version: 9d85cf22f9f8d53cb5c81c1b2749f438b2ee333f
- name: github.com/hashicorp/memberlist
  version: 9a1e242e454d2443df330bdd51a436d5a9058fc4
- name: github.com/hashicorp/net-rpc-msgpackrpc
  version: a14192a58a694c123d8fe5481d4a4727d6ae82f3
- name: github.com/hashicorp/raft
  version: 057b893fd996696719e98b6c44649ea14968c811
- name: github.com/hashicorp/raft-boltdb
  version: d1e82c1ec3f15ee991f7cc7ffd5b67ff6f5bbaee
- name: github.com/hashicorp/scada-client
  version: 84989fd23ad4cc0e7ad44d6a871fd793eb9beb0a
- name: github.com/hashicorp/serf
  version: 0df3e3df1703f838243a7f3f12bf0b88566ade5a
  vcs: git
  subpackages:
  - command
  - command/agent
  - coordinate
  - serf
  - client
- name: github.com/hashicorp/yamux
  version: df949784da9ed028ee76df44652e42d37a09d7e4
- name: github.com/inconshreveable/muxado
  version: f693c7e88ba316d1a0ae3e205e22a01aa3ec2848
  subpackages:
  - proto
  - proto/ext
  - proto/frame
  - proto/buffer
- name: github.com/mattn/go-isatty
  version: 56b76bdf51f7708750eac80fa38b952bb9f32639
- name: github.com/miekg/dns
  version: d27455715200c7d3e321a1e5cadb27c9ee0b0f02
- name: github.com/mitchellh/cli
  version: 5c87c51cedf76a1737bf5ca3979e8644871598a6
- name: github.com/mitchellh/mapstructure
  version: d2dd0262208475919e1a362f675cfc0e7c10e905
- name: github.com/ryanuber/columnize
  version: 983d3a5fab1bf04d1b412465d2d9f8430e2e917e
- name: github.com/samuel/go-zookeeper
  version: d0e0d8e11f318e000a8cc434616d69e329edc374
  subpackages:
  - zk
- name: github.com/Sirupsen/logrus
  version: 840e99181ee53d0596ae957218dc170d739511ea
  vcs: git
- name: github.com/vishvananda/netlink
  version: 377a62136007d17ce5e05d5a3f07e8ece6bf0ca7
  vcs: git
  subpackages:
  - nl
- name: github.com/vishvananda/netns
  version: f0b8d0aad33f2e47337fb9e7de620cc9c6243d3c
  vcs: git
- name: golang.org/x/net
  version: 9dd48c277bcb2bb2cc3eb6a6368a486a567d3562
  subpackages:
  - context
- name: golang.org/x/sys
  version: 50c6bc5e4292a1d4e65c6e9be5f53be28bcbe28e
  subpackages:
  - unix
devImports: []
